
Microsoft Visual Studio Solution File, Format Version 12.00
# Visual Studio Version 17
VisualStudioVersion = 17.8.34525.116
MinimumVisualStudioVersion = 10.0.40219.1
Project("{2150E333-8FDC-42A3-9474-1A3956D46DE8}") = "src", "src", "{518A20A7-1C7F-4E74-8D37-34C56740DFBF}"
EndProject
Project("{2150E333-8FDC-42A3-9474-1A3956D46DE8}") = "tests", "tests", "{20847965-4158-4A31-B5A6-C1F15024776C}"
EndProject
Project("{FAE04EC0-301F-11D3-BF4B-00C04F79EFBC}") = "CoinyProject.Application", "src\CoinyProject.Application\CoinyProject.Application.csproj", "{8EFE973B-027D-42FA-ADCA-862C3E3D2E7E}"
EndProject
Project("{FAE04EC0-301F-11D3-BF4B-00C04F79EFBC}") = "CoinyProject.Core-Domain", "src\CoinyProject.Core-Domain\CoinyProject.Core-Domain.csproj", "{D714F97E-CCB6-4148-A932-3C5CAFBE7AA2}"
EndProject
Project("{FAE04EC0-301F-11D3-BF4B-00C04F79EFBC}") = "CoinyProject.IdentityServer", "src\CoinyProject.IdentityServer\CoinyProject.IdentityServer.csproj", "{501F462B-A25C-41C4-A35D-654C72C0548D}"
EndProject
Project("{FAE04EC0-301F-11D3-BF4B-00C04F79EFBC}") = "CoinyProject.Infrastructure", "src\CoinyProject.Infrastructure\CoinyProject.Infrastructure.csproj", "{08E8FFB2-308B-43F4-B184-98B9D7E5D564}"
EndProject
Project("{FAE04EC0-301F-11D3-BF4B-00C04F79EFBC}") = "CoinyProject.Shared", "src\CoinyProject.Shared\CoinyProject.Shared.csproj", "{A7C60666-6C58-43D8-807B-789B49501497}"
EndProject
Project("{9A19103F-16F7-4668-BE54-9A1E7A4F7556}") = "CoinyProject.WebAPI", "src\CoinyProject.WebAPI\CoinyProject.WebAPI.csproj", "{71DF9554-5109-4C6F-9698-A51BB7082ECA}"
EndProject
Project("{9A19103F-16F7-4668-BE54-9A1E7A4F7556}") = "CoinyProject.WebUI", "src\CoinyProject.WebUI\CoinyProject.WebUI.csproj", "{8D69EB8D-A05C-489C-95E1-73935D749CF8}"
EndProject
Project("{FAE04EC0-301F-11D3-BF4B-00C04F79EFBC}") = "CoinyProject.Tests", "tests\CoinyProject.Tests\CoinyProject.Tests.csproj", "{B2B56A3A-3383-42E4-8857-5224E2DF9CD2}"
EndProject
Global
	GlobalSection(SolutionConfigurationPlatforms) = preSolution
		Debug|Any CPU = Debug|Any CPU
		Release|Any CPU = Release|Any CPU
	EndGlobalSection
	GlobalSection(ProjectConfigurationPlatforms) = postSolution
		{8EFE973B-027D-42FA-ADCA-862C3E3D2E7E}.Debug|Any CPU.ActiveCfg = Debug|Any CPU
		{8EFE973B-027D-42FA-ADCA-862C3E3D2E7E}.Debug|Any CPU.Build.0 = Debug|Any CPU
		{8EFE973B-027D-42FA-ADCA-862C3E3D2E7E}.Release|Any CPU.ActiveCfg = Release|Any CPU
		{8EFE973B-027D-42FA-ADCA-862C3E3D2E7E}.Release|Any CPU.Build.0 = Release|Any CPU
		{D714F97E-CCB6-4148-A932-3C5CAFBE7AA2}.Debug|Any CPU.ActiveCfg = Debug|Any CPU
		{D714F97E-CCB6-4148-A932-3C5CAFBE7AA2}.Debug|Any CPU.Build.0 = Debug|Any CPU
		{D714F97E-CCB6-4148-A932-3C5CAFBE7AA2}.Release|Any CPU.ActiveCfg = Release|Any CPU
		{D714F97E-CCB6-4148-A932-3C5CAFBE7AA2}.Release|Any CPU.Build.0 = Release|Any CPU
		{501F462B-A25C-41C4-A35D-654C72C0548D}.Debug|Any CPU.ActiveCfg = Debug|Any CPU
		{501F462B-A25C-41C4-A35D-654C72C0548D}.Debug|Any CPU.Build.0 = Debug|Any CPU
		{501F462B-A25C-41C4-A35D-654C72C0548D}.Release|Any CPU.ActiveCfg = Release|Any CPU
		{501F462B-A25C-41C4-A35D-654C72C0548D}.Release|Any CPU.Build.0 = Release|Any CPU
		{08E8FFB2-308B-43F4-B184-98B9D7E5D564}.Debug|Any CPU.ActiveCfg = Debug|Any CPU
		{08E8FFB2-308B-43F4-B184-98B9D7E5D564}.Debug|Any CPU.Build.0 = Debug|Any CPU
		{08E8FFB2-308B-43F4-B184-98B9D7E5D564}.Release|Any CPU.ActiveCfg = Release|Any CPU
		{08E8FFB2-308B-43F4-B184-98B9D7E5D564}.Release|Any CPU.Build.0 = Release|Any CPU
		{A7C60666-6C58-43D8-807B-789B49501497}.Debug|Any CPU.ActiveCfg = Debug|Any CPU
		{A7C60666-6C58-43D8-807B-789B49501497}.Debug|Any CPU.Build.0 = Debug|Any CPU
		{A7C60666-6C58-43D8-807B-789B49501497}.Release|Any CPU.ActiveCfg = Release|Any CPU
		{A7C60666-6C58-43D8-807B-789B49501497}.Release|Any CPU.Build.0 = Release|Any CPU
		{71DF9554-5109-4C6F-9698-A51BB7082ECA}.Debug|Any CPU.ActiveCfg = Debug|Any CPU
		{71DF9554-5109-4C6F-9698-A51BB7082ECA}.Debug|Any CPU.Build.0 = Debug|Any CPU
		{71DF9554-5109-4C6F-9698-A51BB7082ECA}.Release|Any CPU.ActiveCfg = Release|Any CPU
		{71DF9554-5109-4C6F-9698-A51BB7082ECA}.Release|Any CPU.Build.0 = Release|Any CPU
		{8D69EB8D-A05C-489C-95E1-73935D749CF8}.Debug|Any CPU.ActiveCfg = Debug|Any CPU
		{8D69EB8D-A05C-489C-95E1-73935D749CF8}.Debug|Any CPU.Build.0 = Debug|Any CPU
		{8D69EB8D-A05C-489C-95E1-73935D749CF8}.Release|Any CPU.ActiveCfg = Release|Any CPU
		{8D69EB8D-A05C-489C-95E1-73935D749CF8}.Release|Any CPU.Build.0 = Release|Any CPU
		{B2B56A3A-3383-42E4-8857-5224E2DF9CD2}.Debug|Any CPU.ActiveCfg = Debug|Any CPU
		{B2B56A3A-3383-42E4-8857-5224E2DF9CD2}.Debug|Any CPU.Build.0 = Debug|Any CPU
		{B2B56A3A-3383-42E4-8857-5224E2DF9CD2}.Release|Any CPU.ActiveCfg = Release|Any CPU
		{B2B56A3A-3383-42E4-8857-5224E2DF9CD2}.Release|Any CPU.Build.0 = Release|Any CPU
	EndGlobalSection
	GlobalSection(SolutionProperties) = preSolution
		HideSolutionNode = FALSE
	EndGlobalSection
	GlobalSection(NestedProjects) = preSolution
		{8EFE973B-027D-42FA-ADCA-862C3E3D2E7E} = {518A20A7-1C7F-4E74-8D37-34C56740DFBF}
		{D714F97E-CCB6-4148-A932-3C5CAFBE7AA2} = {518A20A7-1C7F-4E74-8D37-34C56740DFBF}
		{501F462B-A25C-41C4-A35D-654C72C0548D} = {518A20A7-1C7F-4E74-8D37-34C56740DFBF}
		{08E8FFB2-308B-43F4-B184-98B9D7E5D564} = {518A20A7-1C7F-4E74-8D37-34C56740DFBF}
		{A7C60666-6C58-43D8-807B-789B49501497} = {518A20A7-1C7F-4E74-8D37-34C56740DFBF}
		{71DF9554-5109-4C6F-9698-A51BB7082ECA} = {518A20A7-1C7F-4E74-8D37-34C56740DFBF}
		{8D69EB8D-A05C-489C-95E1-73935D749CF8} = {518A20A7-1C7F-4E74-8D37-34C56740DFBF}
		{B2B56A3A-3383-42E4-8857-5224E2DF9CD2} = {20847965-4158-4A31-B5A6-C1F15024776C}
	EndGlobalSection
	GlobalSection(ExtensibilityGlobals) = postSolution
		SolutionGuid = {F9FC4428-8E26-4BB5-A59F-8357620396C6}
	EndGlobalSection
EndGlobal
