
Microsoft Visual Studio Solution File, Format Version 12.00
# Visual Studio Version 17
VisualStudioVersion = 17.8.34525.116
MinimumVisualStudioVersion = 10.0.40219.1
Project("{2150E333-8FDC-42A3-9474-1A3956D46DE8}") = "src", "src", "{518A20A7-1C7F-4E74-8D37-34C56740DFBF}"
EndProject
Project("{2150E333-8FDC-42A3-9474-1A3956D46DE8}") = "tests", "tests", "{20847965-4158-4A31-B5A6-C1F15024776C}"
EndProject
Project("{FAE04EC0-301F-11D3-BF4B-00C04F79EFBC}") = "CoinyProject.Core-Domain", "CoinyProject.Core-Domain\CoinyProject.Core-Domain.csproj", "{15FF7B2F-4851-4FB1-A75F-6E2C284D68BF}"
EndProject
Project("{FAE04EC0-301F-11D3-BF4B-00C04F79EFBC}") = "CoinyProject.Application", "CoinyProject.Application\CoinyProject.Application.csproj", "{4A38FB03-1E44-475C-B894-B69B3E11AB1C}"
EndProject
Project("{FAE04EC0-301F-11D3-BF4B-00C04F79EFBC}") = "CoinyProject.Infrastructure", "CoinyProject.Infrastructure\CoinyProject.Infrastructure.csproj", "{08E8FFB2-308B-43F4-B184-98B9D7E5D564}"
EndProject
Project("{FAE04EC0-301F-11D3-BF4B-00C04F79EFBC}") = "CoinyProject.Shared", "CoinyProject.Shared\CoinyProject.Shared.csproj", "{A7C60666-6C58-43D8-807B-789B49501497}"
EndProject
Project("{FAE04EC0-301F-11D3-BF4B-00C04F79EFBC}") = "CoinyProject.WebUI", "CoinyProject.WebUI\CoinyProject.WebUI.csproj", "{EB6A17AB-A2EA-4529-A912-6AF103F92E40}"
EndProject
Project("{FAE04EC0-301F-11D3-BF4B-00C04F79EFBC}") = "CoinyProject.WebAPI", "CoinyProject.WebAPI\CoinyProject.WebAPI.csproj", "{AFC04590-ECF6-4F4C-93DF-848F9CDF4AA2}"
EndProject
Project("{FAE04EC0-301F-11D3-BF4B-00C04F79EFBC}") = "CoinyProject.IdentityServer", "CoinyProject.IdentityServer\CoinyProject.IdentityServer.csproj", "{A86C8451-C291-446F-BF9F-0A7A80D478DD}"
EndProject
Project("{FAE04EC0-301F-11D3-BF4B-00C04F79EFBC}") = "CoinyProject.Tests", "CoinyProject.Tests\CoinyProject.Tests.csproj", "{B2B56A3A-3383-42E4-8857-5224E2DF9CD2}"
EndProject
Global
	GlobalSection(SolutionConfigurationPlatforms) = preSolution
		Debug|Any CPU = Debug|Any CPU
		Release|Any CPU = Release|Any CPU
	EndGlobalSection
	GlobalSection(ProjectConfigurationPlatforms) = postSolution
		{15FF7B2F-4851-4FB1-A75F-6E2C284D68BF}.Debug|Any CPU.ActiveCfg = Debug|Any CPU
		{15FF7B2F-4851-4FB1-A75F-6E2C284D68BF}.Debug|Any CPU.Build.0 = Debug|Any CPU
		{15FF7B2F-4851-4FB1-A75F-6E2C284D68BF}.Release|Any CPU.ActiveCfg = Release|Any CPU
		{15FF7B2F-4851-4FB1-A75F-6E2C284D68BF}.Release|Any CPU.Build.0 = Release|Any CPU
		{4A38FB03-1E44-475C-B894-B69B3E11AB1C}.Debug|Any CPU.ActiveCfg = Debug|Any CPU
		{4A38FB03-1E44-475C-B894-B69B3E11AB1C}.Debug|Any CPU.Build.0 = Debug|Any CPU
		{4A38FB03-1E44-475C-B894-B69B3E11AB1C}.Release|Any CPU.ActiveCfg = Release|Any CPU
		{4A38FB03-1E44-475C-B894-B69B3E11AB1C}.Release|Any CPU.Build.0 = Release|Any CPU
		{08E8FFB2-308B-43F4-B184-98B9D7E5D564}.Debug|Any CPU.ActiveCfg = Debug|Any CPU
		{08E8FFB2-308B-43F4-B184-98B9D7E5D564}.Debug|Any CPU.Build.0 = Debug|Any CPU
		{08E8FFB2-308B-43F4-B184-98B9D7E5D564}.Release|Any CPU.ActiveCfg = Release|Any CPU
		{08E8FFB2-308B-43F4-B184-98B9D7E5D564}.Release|Any CPU.Build.0 = Release|Any CPU
		{A7C60666-6C58-43D8-807B-789B49501497}.Debug|Any CPU.ActiveCfg = Debug|Any CPU
		{A7C60666-6C58-43D8-807B-789B49501497}.Debug|Any CPU.Build.0 = Debug|Any CPU
		{A7C60666-6C58-43D8-807B-789B49501497}.Release|Any CPU.ActiveCfg = Release|Any CPU
		{A7C60666-6C58-43D8-807B-789B49501497}.Release|Any CPU.Build.0 = Release|Any CPU
		{EB6A17AB-A2EA-4529-A912-6AF103F92E40}.Debug|Any CPU.ActiveCfg = Debug|Any CPU
		{EB6A17AB-A2EA-4529-A912-6AF103F92E40}.Debug|Any CPU.Build.0 = Debug|Any CPU
		{EB6A17AB-A2EA-4529-A912-6AF103F92E40}.Release|Any CPU.ActiveCfg = Release|Any CPU
		{EB6A17AB-A2EA-4529-A912-6AF103F92E40}.Release|Any CPU.Build.0 = Release|Any CPU
		{AFC04590-ECF6-4F4C-93DF-848F9CDF4AA2}.Debug|Any CPU.ActiveCfg = Debug|Any CPU
		{AFC04590-ECF6-4F4C-93DF-848F9CDF4AA2}.Debug|Any CPU.Build.0 = Debug|Any CPU
		{AFC04590-ECF6-4F4C-93DF-848F9CDF4AA2}.Release|Any CPU.ActiveCfg = Release|Any CPU
		{AFC04590-ECF6-4F4C-93DF-848F9CDF4AA2}.Release|Any CPU.Build.0 = Release|Any CPU
		{A86C8451-C291-446F-BF9F-0A7A80D478DD}.Debug|Any CPU.ActiveCfg = Debug|Any CPU
		{A86C8451-C291-446F-BF9F-0A7A80D478DD}.Debug|Any CPU.Build.0 = Debug|Any CPU
		{A86C8451-C291-446F-BF9F-0A7A80D478DD}.Release|Any CPU.ActiveCfg = Release|Any CPU
		{A86C8451-C291-446F-BF9F-0A7A80D478DD}.Release|Any CPU.Build.0 = Release|Any CPU
		{B2B56A3A-3383-42E4-8857-5224E2DF9CD2}.Debug|Any CPU.ActiveCfg = Debug|Any CPU
		{B2B56A3A-3383-42E4-8857-5224E2DF9CD2}.Debug|Any CPU.Build.0 = Debug|Any CPU
		{B2B56A3A-3383-42E4-8857-5224E2DF9CD2}.Release|Any CPU.ActiveCfg = Release|Any CPU
		{B2B56A3A-3383-42E4-8857-5224E2DF9CD2}.Release|Any CPU.Build.0 = Release|Any CPU
	EndGlobalSection
	GlobalSection(SolutionProperties) = preSolution
		HideSolutionNode = FALSE
	EndGlobalSection
	GlobalSection(NestedProjects) = preSolution
		{15FF7B2F-4851-4FB1-A75F-6E2C284D68BF} = {518A20A7-1C7F-4E74-8D37-34C56740DFBF}
		{4A38FB03-1E44-475C-B894-B69B3E11AB1C} = {518A20A7-1C7F-4E74-8D37-34C56740DFBF}
		{08E8FFB2-308B-43F4-B184-98B9D7E5D564} = {518A20A7-1C7F-4E74-8D37-34C56740DFBF}
		{A7C60666-6C58-43D8-807B-789B49501497} = {518A20A7-1C7F-4E74-8D37-34C56740DFBF}
		{EB6A17AB-A2EA-4529-A912-6AF103F92E40} = {518A20A7-1C7F-4E74-8D37-34C56740DFBF}
		{AFC04590-ECF6-4F4C-93DF-848F9CDF4AA2} = {518A20A7-1C7F-4E74-8D37-34C56740DFBF}
		{A86C8451-C291-446F-BF9F-0A7A80D478DD} = {518A20A7-1C7F-4E74-8D37-34C56740DFBF}
		{B2B56A3A-3383-42E4-8857-5224E2DF9CD2} = {20847965-4158-4A31-B5A6-C1F15024776C}
	EndGlobalSection
	GlobalSection(ExtensibilityGlobals) = postSolution
		SolutionGuid = {F9FC4428-8E26-4BB5-A59F-8357620396C6}
	EndGlobalSection
EndGlobal
