
Microsoft Visual Studio Solution File, Format Version 12.00
# Visual Studio Version 17
VisualStudioVersion = 17.8.34525.116
MinimumVisualStudioVersion = 10.0.40219.1
Project("{2150E333-8FDC-42A3-9474-1A3956D46DE8}") = "src", "src", "{518A20A7-1C7F-4E74-8D37-34C56740DFBF}"
EndProject
Project("{2150E333-8FDC-42A3-9474-1A3956D46DE8}") = "tests", "tests", "{20847965-4158-4A31-B5A6-C1F15024776C}"
EndProject
Project("{9A19103F-16F7-4668-BE54-9A1E7A4F7556}") = "CoinyProject.WebAPI", "src\CoinyProject.WebAPI\CoinyProject.WebAPI.csproj", "{71DF9554-5109-4C6F-9698-A51BB7082ECA}"
EndProject
Project("{9A19103F-16F7-4668-BE54-9A1E7A4F7556}") = "CoinyProject.WebUI", "src\CoinyProject.WebUI\CoinyProject.WebUI.csproj", "{8D69EB8D-A05C-489C-95E1-73935D749CF8}"
EndProject
Project("{9A19103F-16F7-4668-BE54-9A1E7A4F7556}") = "CoinyProject.Core.Domain", "src\CoinyProject.Core.Domain\CoinyProject.Core.Domain.csproj", "{9E35B419-F9BC-45C0-9D75-26A9183B2268}"
EndProject
Project("{9A19103F-16F7-4668-BE54-9A1E7A4F7556}") = "CoinyProject.Application", "src\CoinyProject.Application\CoinyProject.Application.csproj", "{4A248687-20EE-409A-9899-3272A0E48CB3}"
EndProject
Project("{9A19103F-16F7-4668-BE54-9A1E7A4F7556}") = "CoinyProject.Infrastructure", "src\CoinyProject.Infrastructure\CoinyProject.Infrastructure.csproj", "{43B37B4B-9052-46D5-845D-AB21E74D5057}"
EndProject
Project("{9A19103F-16F7-4668-BE54-9A1E7A4F7556}") = "CoinyProject.Infrastructure.Data", "src\CoinyProject.Infrastructure.Data\CoinyProject.Infrastructure.Data.csproj", "{ADEE36F4-01B3-46F9-A1EB-D3B9BE2D4A7A}"
EndProject
Project("{9A19103F-16F7-4668-BE54-9A1E7A4F7556}") = "CoinyProject.Shared", "src\CoinyProject.Shared\CoinyProject.Shared.csproj", "{70C1241D-C297-4D3C-B26F-B7AA953EA24C}"
EndProject
Project("{9A19103F-16F7-4668-BE54-9A1E7A4F7556}") = "CoinyProject.IdentityServer", "src\CoinyProject.IdentityServer\CoinyProject.IdentityServer.csproj", "{15B0F024-EB65-42A9-897D-9232CE14EA7B}"
EndProject
Project("{9A19103F-16F7-4668-BE54-9A1E7A4F7556}") = "CoinyProject.UnitTests", "tests\CoinyProject.Application.AlbumService.Tests\CoinyProject.UnitTests.csproj", "{E76EE636-DCC4-4954-AAB2-A099FDE0728F}"
EndProject
Global
	GlobalSection(SolutionConfigurationPlatforms) = preSolution
		Debug|Any CPU = Debug|Any CPU
		Release|Any CPU = Release|Any CPU
	EndGlobalSection
	GlobalSection(ProjectConfigurationPlatforms) = postSolution
		{71DF9554-5109-4C6F-9698-A51BB7082ECA}.Debug|Any CPU.ActiveCfg = Debug|Any CPU
		{71DF9554-5109-4C6F-9698-A51BB7082ECA}.Debug|Any CPU.Build.0 = Debug|Any CPU
		{71DF9554-5109-4C6F-9698-A51BB7082ECA}.Release|Any CPU.ActiveCfg = Release|Any CPU
		{71DF9554-5109-4C6F-9698-A51BB7082ECA}.Release|Any CPU.Build.0 = Release|Any CPU
		{8D69EB8D-A05C-489C-95E1-73935D749CF8}.Debug|Any CPU.ActiveCfg = Debug|Any CPU
		{8D69EB8D-A05C-489C-95E1-73935D749CF8}.Debug|Any CPU.Build.0 = Debug|Any CPU
		{8D69EB8D-A05C-489C-95E1-73935D749CF8}.Release|Any CPU.ActiveCfg = Release|Any CPU
		{8D69EB8D-A05C-489C-95E1-73935D749CF8}.Release|Any CPU.Build.0 = Release|Any CPU
		{9E35B419-F9BC-45C0-9D75-26A9183B2268}.Debug|Any CPU.ActiveCfg = Debug|Any CPU
		{9E35B419-F9BC-45C0-9D75-26A9183B2268}.Debug|Any CPU.Build.0 = Debug|Any CPU
		{9E35B419-F9BC-45C0-9D75-26A9183B2268}.Release|Any CPU.ActiveCfg = Release|Any CPU
		{9E35B419-F9BC-45C0-9D75-26A9183B2268}.Release|Any CPU.Build.0 = Release|Any CPU
		{4A248687-20EE-409A-9899-3272A0E48CB3}.Debug|Any CPU.ActiveCfg = Debug|Any CPU
		{4A248687-20EE-409A-9899-3272A0E48CB3}.Debug|Any CPU.Build.0 = Debug|Any CPU
		{4A248687-20EE-409A-9899-3272A0E48CB3}.Release|Any CPU.ActiveCfg = Release|Any CPU
		{4A248687-20EE-409A-9899-3272A0E48CB3}.Release|Any CPU.Build.0 = Release|Any CPU
		{43B37B4B-9052-46D5-845D-AB21E74D5057}.Debug|Any CPU.ActiveCfg = Debug|Any CPU
		{43B37B4B-9052-46D5-845D-AB21E74D5057}.Debug|Any CPU.Build.0 = Debug|Any CPU
		{43B37B4B-9052-46D5-845D-AB21E74D5057}.Release|Any CPU.ActiveCfg = Release|Any CPU
		{43B37B4B-9052-46D5-845D-AB21E74D5057}.Release|Any CPU.Build.0 = Release|Any CPU
		{ADEE36F4-01B3-46F9-A1EB-D3B9BE2D4A7A}.Debug|Any CPU.ActiveCfg = Debug|Any CPU
		{ADEE36F4-01B3-46F9-A1EB-D3B9BE2D4A7A}.Debug|Any CPU.Build.0 = Debug|Any CPU
		{ADEE36F4-01B3-46F9-A1EB-D3B9BE2D4A7A}.Release|Any CPU.ActiveCfg = Release|Any CPU
		{ADEE36F4-01B3-46F9-A1EB-D3B9BE2D4A7A}.Release|Any CPU.Build.0 = Release|Any CPU
		{70C1241D-C297-4D3C-B26F-B7AA953EA24C}.Debug|Any CPU.ActiveCfg = Debug|Any CPU
		{70C1241D-C297-4D3C-B26F-B7AA953EA24C}.Debug|Any CPU.Build.0 = Debug|Any CPU
		{70C1241D-C297-4D3C-B26F-B7AA953EA24C}.Release|Any CPU.ActiveCfg = Release|Any CPU
		{70C1241D-C297-4D3C-B26F-B7AA953EA24C}.Release|Any CPU.Build.0 = Release|Any CPU
		{15B0F024-EB65-42A9-897D-9232CE14EA7B}.Debug|Any CPU.ActiveCfg = Debug|Any CPU
		{15B0F024-EB65-42A9-897D-9232CE14EA7B}.Debug|Any CPU.Build.0 = Debug|Any CPU
		{15B0F024-EB65-42A9-897D-9232CE14EA7B}.Release|Any CPU.ActiveCfg = Release|Any CPU
		{15B0F024-EB65-42A9-897D-9232CE14EA7B}.Release|Any CPU.Build.0 = Release|Any CPU
		{E76EE636-DCC4-4954-AAB2-A099FDE0728F}.Debug|Any CPU.ActiveCfg = Debug|Any CPU
		{E76EE636-DCC4-4954-AAB2-A099FDE0728F}.Debug|Any CPU.Build.0 = Debug|Any CPU
		{E76EE636-DCC4-4954-AAB2-A099FDE0728F}.Release|Any CPU.ActiveCfg = Release|Any CPU
		{E76EE636-DCC4-4954-AAB2-A099FDE0728F}.Release|Any CPU.Build.0 = Release|Any CPU
	EndGlobalSection
	GlobalSection(SolutionProperties) = preSolution
		HideSolutionNode = FALSE
	EndGlobalSection
	GlobalSection(NestedProjects) = preSolution
		{71DF9554-5109-4C6F-9698-A51BB7082ECA} = {518A20A7-1C7F-4E74-8D37-34C56740DFBF}
		{8D69EB8D-A05C-489C-95E1-73935D749CF8} = {518A20A7-1C7F-4E74-8D37-34C56740DFBF}
		{9E35B419-F9BC-45C0-9D75-26A9183B2268} = {518A20A7-1C7F-4E74-8D37-34C56740DFBF}
		{4A248687-20EE-409A-9899-3272A0E48CB3} = {518A20A7-1C7F-4E74-8D37-34C56740DFBF}
		{43B37B4B-9052-46D5-845D-AB21E74D5057} = {518A20A7-1C7F-4E74-8D37-34C56740DFBF}
		{ADEE36F4-01B3-46F9-A1EB-D3B9BE2D4A7A} = {518A20A7-1C7F-4E74-8D37-34C56740DFBF}
		{70C1241D-C297-4D3C-B26F-B7AA953EA24C} = {518A20A7-1C7F-4E74-8D37-34C56740DFBF}
		{15B0F024-EB65-42A9-897D-9232CE14EA7B} = {518A20A7-1C7F-4E74-8D37-34C56740DFBF}
		{E76EE636-DCC4-4954-AAB2-A099FDE0728F} = {20847965-4158-4A31-B5A6-C1F15024776C}
	EndGlobalSection
	GlobalSection(ExtensibilityGlobals) = postSolution
		SolutionGuid = {F9FC4428-8E26-4BB5-A59F-8357620396C6}
	EndGlobalSection
EndGlobal
