<Solution>
  <Project Path="src/Coiny.Domain/Coiny.Domain.csproj" />
  <Project Path="src/Coiny.Application/Coiny.Application.csproj" />
  <Project Path="src/Coiny.Infrastructure/Coiny.Infrastructure.csproj" />
  <Project Path="src/Coiny.Api/Coiny.Api.csproj" />
  <Project Path="tests/Coiny.Application.Tests/Coiny.Application.Tests.csproj" />
</Solution>
